
Microsoft Visual Studio Solution File, Format Version 12.00
# Visual Studio Version 16
VisualStudioVersion = 16.0.30413.136
MinimumVisualStudioVersion = 10.0.40219.1
Project("{FAE04EC0-301F-11D3-BF4B-00C04F79EFBC}") = "SecureAPI", "SecureAPI\SecureAPI.csproj", "{836954C6-F628-49C8-AFB3-6591C11EFBD8}"
EndProject
Global
	GlobalSection(SolutionConfigurationPlatforms) = preSolution
		Debug|Any CPU = Debug|Any CPU
		Release|Any CPU = Release|Any CPU
	EndGlobalSection
	GlobalSection(ProjectConfigurationPlatforms) = postSolution
		{836954C6-F628-49C8-AFB3-6591C11EFBD8}.Debug|Any CPU.ActiveCfg = Debug|Any CPU
		{836954C6-F628-49C8-AFB3-6591C11EFBD8}.Debug|Any CPU.Build.0 = Debug|Any CPU
		{836954C6-F628-49C8-AFB3-6591C11EFBD8}.Release|Any CPU.ActiveCfg = Release|Any CPU
		{836954C6-F628-49C8-AFB3-6591C11EFBD8}.Release|Any CPU.Build.0 = Release|Any CPU
	EndGlobalSection
	GlobalSection(SolutionProperties) = preSolution
		HideSolutionNode = FALSE
	EndGlobalSection
	GlobalSection(ExtensibilityGlobals) = postSolution
		SolutionGuid = {327B1A4A-B7E8-4220-903C-1E0ABC1835C9}
	EndGlobalSection
EndGlobal
